version = 1
revision = 3
requires-python = ">=3.10"
resolution-markers = [
    "python_full_version >= '3.11'",
    "python_full_version < '3.11'",
]

[[package]]
name = "2026-ysjin-seqdep"
version = "0.1.0"
source = { virtual = "." }
dependencies = [
    { name = "pulp" },
    { name = "seqtk" },
]

[package.metadata]
requires-dist = [
    { name = "pulp", specifier = ">=2.7,<2.8" },
    { name = "seqtk", specifier = ">=0.5.0" },
]

[[package]]
name = "pulp"
version = "2.7.0"
source = { registry = "https://pypi.org/simple" }
sdist = { url = "https://files.pythonhosted.org/packages/59/41/44d617a67407ea5db026500025b8aa7cad0b2b52621c04991b248c3b383d/PuLP-2.7.0.tar.gz", hash = "sha256:e73ee6b32d639c9b8cf4b4aded334ba158be5f8313544e056f796ace0a10ae63", size = 1400315, upload-time = "2022-11-03T11:11:59.057Z" }
wheels = [
    { url = "https://files.pythonhosted.org/packages/a6/60/b91acaa7995bfcd72f1739ea2b0f5cda707329e17f0b7f921fd8acc79889/PuLP-2.7.0-py3-none-any.whl", hash = "sha256:b6de42c929e80325bf44cc7a2997f02535440800c376b9eb8cb7b4670ed53769", size = 14251631, upload-time = "2022-11-03T11:11:56.817Z" },
]

[[package]]
name = "seqtk"
version = "0.5.0"
source = { registry = "https://pypi.org/simple" }
sdist = { url = "https://files.pythonhosted.org/packages/c2/14/8a21ec88117ac24b37204e9971ad35354b80000731999fbe3bf2c363ad97/seqtk-0.5.0.tar.gz", hash = "sha256:80a5ecafd9206a44798bc3c851a82f3f4af525aaf7166e43d74e44eb8bc16e34", size = 3855, upload-time = "2021-11-29T04:12:46.263Z" }
wheels = [
    { url = "https://files.pythonhosted.org/packages/0a/59/770664997cf491ddb2752e0068fd2677e7d4cf6f2723382e62f6af82df64/seqtk-0.5.0-py2.py3-none-any.whl", hash = "sha256:f4d4ca4572416ca59c25a403eaf2ce13463b75ed3be51aee1515346665189146", size = 4768, upload-time = "2021-11-29T04:12:44.46Z" },
]
